
Microsoft Visual Studio Solution File, Format Version 12.00
Project("{FAE04EC0-301F-11D3-BF4B-00C04F79EFBC}") = "AuthenticationPrototype", "AuthenticationPrototype\AuthenticationPrototype.csproj", "{6AB94B5D-E9A3-4D6D-83D4-6E1AD9238DF6}"
EndProject
Global
	GlobalSection(SolutionConfigurationPlatforms) = preSolution
		Debug|Any CPU = Debug|Any CPU
		Release|Any CPU = Release|Any CPU
	EndGlobalSection
	GlobalSection(ProjectConfigurationPlatforms) = postSolution
		{6AB94B5D-E9A3-4D6D-83D4-6E1AD9238DF6}.Debug|Any CPU.ActiveCfg = Debug|Any CPU
		{6AB94B5D-E9A3-4D6D-83D4-6E1AD9238DF6}.Debug|Any CPU.Build.0 = Debug|Any CPU
		{6AB94B5D-E9A3-4D6D-83D4-6E1AD9238DF6}.Release|Any CPU.ActiveCfg = Release|Any CPU
		{6AB94B5D-E9A3-4D6D-83D4-6E1AD9238DF6}.Release|Any CPU.Build.0 = Release|Any CPU
	EndGlobalSection
EndGlobal
